
Microsoft Visual Studio Solution File, Format Version 12.00
# Visual Studio Version 16
VisualStudioVersion = 16.0.32228.343
MinimumVisualStudioVersion = 10.0.40219.1
Project("{FAE04EC0-301F-11D3-BF4B-00C04F79EFBC}") = "ConverterNumero", "ConverterNumero\ConverterNumero.csproj", "{7E9623CA-7F8A-43E0-BFF4-73BCB70F2399}"
EndProject
Project("{FAE04EC0-301F-11D3-BF4B-00C04F79EFBC}") = "ApiConversor", "ApiConversor\ApiConversor.csproj", "{A7400B61-2216-44E6-B04A-800F4781C42B}"
EndProject
Global
	GlobalSection(SolutionConfigurationPlatforms) = preSolution
		Debug|Any CPU = Debug|Any CPU
		Release|Any CPU = Release|Any CPU
	EndGlobalSection
	GlobalSection(ProjectConfigurationPlatforms) = postSolution
		{7E9623CA-7F8A-43E0-BFF4-73BCB70F2399}.Debug|Any CPU.ActiveCfg = Debug|Any CPU
		{7E9623CA-7F8A-43E0-BFF4-73BCB70F2399}.Debug|Any CPU.Build.0 = Debug|Any CPU
		{7E9623CA-7F8A-43E0-BFF4-73BCB70F2399}.Release|Any CPU.ActiveCfg = Release|Any CPU
		{7E9623CA-7F8A-43E0-BFF4-73BCB70F2399}.Release|Any CPU.Build.0 = Release|Any CPU
		{A7400B61-2216-44E6-B04A-800F4781C42B}.Debug|Any CPU.ActiveCfg = Debug|Any CPU
		{A7400B61-2216-44E6-B04A-800F4781C42B}.Debug|Any CPU.Build.0 = Debug|Any CPU
		{A7400B61-2216-44E6-B04A-800F4781C42B}.Release|Any CPU.ActiveCfg = Release|Any CPU
		{A7400B61-2216-44E6-B04A-800F4781C42B}.Release|Any CPU.Build.0 = Release|Any CPU
	EndGlobalSection
	GlobalSection(SolutionProperties) = preSolution
		HideSolutionNode = FALSE
	EndGlobalSection
	GlobalSection(ExtensibilityGlobals) = postSolution
		SolutionGuid = {535528B2-4585-4484-883F-6A152188AC32}
	EndGlobalSection
EndGlobal
